
Microsoft Visual Studio Solution File, Format Version 12.00
# Visual Studio 15
VisualStudioVersion = 15.0.27703.2026
MinimumVisualStudioVersion = 10.0.40219.1
Project("{FAE04EC0-301F-11D3-BF4B-00C04F79EFBC}") = "WebApp", "WebApp\WebApp.csproj", "{C8401732-7ABE-4CA5-8665-E8DB0BFE1971}"
EndProject
Project("{FAE04EC0-301F-11D3-BF4B-00C04F79EFBC}") = "ChinookSystem", "ChinookSystem\ChinookSystem.csproj", "{821F79E1-EF47-4C51-AC74-A1068A8F7299}"
EndProject
Project("{FAE04EC0-301F-11D3-BF4B-00C04F79EFBC}") = "ChinookSystem.Data", "ChinookSystem.Data\ChinookSystem.Data.csproj", "{6753808E-4EC8-4458-AFAB-FE08F4C9CF8D}"
EndProject
Global
	GlobalSection(SolutionConfigurationPlatforms) = preSolution
		Debug|Any CPU = Debug|Any CPU
		Release|Any CPU = Release|Any CPU
	EndGlobalSection
	GlobalSection(ProjectConfigurationPlatforms) = postSolution
		{C8401732-7ABE-4CA5-8665-E8DB0BFE1971}.Debug|Any CPU.ActiveCfg = Debug|Any CPU
		{C8401732-7ABE-4CA5-8665-E8DB0BFE1971}.Debug|Any CPU.Build.0 = Debug|Any CPU
		{C8401732-7ABE-4CA5-8665-E8DB0BFE1971}.Release|Any CPU.ActiveCfg = Release|Any CPU
		{C8401732-7ABE-4CA5-8665-E8DB0BFE1971}.Release|Any CPU.Build.0 = Release|Any CPU
		{821F79E1-EF47-4C51-AC74-A1068A8F7299}.Debug|Any CPU.ActiveCfg = Debug|Any CPU
		{821F79E1-EF47-4C51-AC74-A1068A8F7299}.Debug|Any CPU.Build.0 = Debug|Any CPU
		{821F79E1-EF47-4C51-AC74-A1068A8F7299}.Release|Any CPU.ActiveCfg = Release|Any CPU
		{821F79E1-EF47-4C51-AC74-A1068A8F7299}.Release|Any CPU.Build.0 = Release|Any CPU
		{6753808E-4EC8-4458-AFAB-FE08F4C9CF8D}.Debug|Any CPU.ActiveCfg = Debug|Any CPU
		{6753808E-4EC8-4458-AFAB-FE08F4C9CF8D}.Debug|Any CPU.Build.0 = Debug|Any CPU
		{6753808E-4EC8-4458-AFAB-FE08F4C9CF8D}.Release|Any CPU.ActiveCfg = Release|Any CPU
		{6753808E-4EC8-4458-AFAB-FE08F4C9CF8D}.Release|Any CPU.Build.0 = Release|Any CPU
	EndGlobalSection
	GlobalSection(SolutionProperties) = preSolution
		HideSolutionNode = FALSE
	EndGlobalSection
	GlobalSection(ExtensibilityGlobals) = postSolution
		SolutionGuid = {CF99BF6F-D82C-4AB6-9795-B3C870669949}
	EndGlobalSection
EndGlobal
